// !$*UTF8*$!
{
	archiveVersion = 1;
	classes = {
	};
	objectVersion = 77;
	objects = {

/* Begin PBXBuildFile section */
		B821AD012CD5258900DACA08 /* SDWebImageSwiftUI in Frameworks */ = {isa = PBXBuildFile; productRef = B821AD002CD5258900DACA08 /* SDWebImageSwiftUI */; };
		B897CFE42CA93D62002CC428 /* FirebaseAnalytics in Frameworks */ = {isa = PBXBuildFile; productRef = B897CFE32CA93D62002CC428 /* FirebaseAnalytics */; };
		B897CFE62CA93D62002CC428 /* FirebaseAppCheck in Frameworks */ = {isa = PBXBuildFile; productRef = B897CFE52CA93D62002CC428 /* FirebaseAppCheck */; };
		B897CFE82CA93D62002CC428 /* FirebaseAuth in Frameworks */ = {isa = PBXBuildFile; productRef = B897CFE72CA93D62002CC428 /* FirebaseAuth */; };
		B897CFEA2CA93D62002CC428 /* FirebaseDatabase in Frameworks */ = {isa = PBXBuildFile; productRef = B897CFE92CA93D62002CC428 /* FirebaseDatabase */; };
		B897CFEC2CA93D62002CC428 /* FirebaseFirestore in Frameworks */ = {isa = PBXBuildFile; productRef = B897CFEB2CA93D62002CC428 /* FirebaseFirestore */; };
		B897CFEE2CA93D62002CC428 /* FirebaseFunctions in Frameworks */ = {isa = PBXBuildFile; productRef = B897CFED2CA93D62002CC428 /* FirebaseFunctions */; };
		B897CFF02CA93D62002CC428 /* FirebaseStorage in Frameworks */ = {isa = PBXBuildFile; productRef = B897CFEF2CA93D62002CC428 /* FirebaseStorage */; };
		B8CBA3252CAE7BF300288719 /* GoogleSignIn in Frameworks */ = {isa = PBXBuildFile; productRef = B8CBA3242CAE7BF300288719 /* GoogleSignIn */; };
		B8CBA3272CAE7BF300288719 /* GoogleSignInSwift in Frameworks */ = {isa = PBXBuildFile; productRef = B8CBA3262CAE7BF300288719 /* GoogleSignInSwift */; };
		B8CBA3782CBBAF5500288719 /* Alamofire in Frameworks */ = {isa = PBXBuildFile; productRef = B8CBA3772CBBAF5500288719 /* Alamofire */; };
/* End PBXBuildFile section */

/* Begin PBXContainerItemProxy section */
		B897CFBA2CA92E61002CC428 /* PBXContainerItemProxy */ = {
			isa = PBXContainerItemProxy;
			containerPortal = B897CFA12CA92E60002CC428 /* Project object */;
			proxyType = 1;
			remoteGlobalIDString = B897CFA82CA92E60002CC428;
			remoteInfo = Challange1;
		};
		B897CFC42CA92E61002CC428 /* PBXContainerItemProxy */ = {
			isa = PBXContainerItemProxy;
			containerPortal = B897CFA12CA92E60002CC428 /* Project object */;
			proxyType = 1;
			remoteGlobalIDString = B897CFA82CA92E60002CC428;
			remoteInfo = Challange1;
		};
/* End PBXContainerItemProxy section */

/* Begin PBXFileReference section */
		B897CFA92CA92E60002CC428 /* Challange1.app */ = {isa = PBXFileReference; explicitFileType = wrapper.application; includeInIndex = 0; path = Challange1.app; sourceTree = BUILT_PRODUCTS_DIR; };
		B897CFB92CA92E61002CC428 /* Challange1Tests.xctest */ = {isa = PBXFileReference; explicitFileType = wrapper.cfbundle; includeInIndex = 0; path = Challange1Tests.xctest; sourceTree = BUILT_PRODUCTS_DIR; };
		B897CFC32CA92E61002CC428 /* Challange1UITests.xctest */ = {isa = PBXFileReference; explicitFileType = wrapper.cfbundle; includeInIndex = 0; path = Challange1UITests.xctest; sourceTree = BUILT_PRODUCTS_DIR; };
/* End PBXFileReference section */

/* Begin PBXFileSystemSynchronizedBuildFileExceptionSet section */
		B8CBA3212CAE78F600288719 /* Exceptions for "BrandI" folder in "Challange1Tests" target */ = {
			isa = PBXFileSystemSynchronizedBuildFileExceptionSet;
			membershipExceptions = (
				"GoogleService-Info.plist",
			);
			target = B897CFB82CA92E61002CC428 /* Challange1Tests */;
		};
		B8CBA3222CAE78F600288719 /* Exceptions for "BrandI" folder in "Challange1UITests" target */ = {
			isa = PBXFileSystemSynchronizedBuildFileExceptionSet;
			membershipExceptions = (
				"GoogleService-Info.plist",
			);
			target = B897CFC22CA92E61002CC428 /* Challange1UITests */;
		};
		B8CBA3292CAE80EE00288719 /* Exceptions for "BrandI" folder in "Challange1" target */ = {
			isa = PBXFileSystemSynchronizedBuildFileExceptionSet;
			membershipExceptions = (
				Info.plist,
			);
			target = B897CFA82CA92E60002CC428 /* Challange1 */;
		};
/* End PBXFileSystemSynchronizedBuildFileExceptionSet section */

/* Begin PBXFileSystemSynchronizedRootGroup section */
		B897CFAB2CA92E60002CC428 /* BrandI */ = {
			isa = PBXFileSystemSynchronizedRootGroup;
			exceptions = (
				B8CBA3292CAE80EE00288719 /* Exceptions for "BrandI" folder in "Challange1" target */,
				B8CBA3212CAE78F600288719 /* Exceptions for "BrandI" folder in "Challange1Tests" target */,
				B8CBA3222CAE78F600288719 /* Exceptions for "BrandI" folder in "Challange1UITests" target */,
			);
			path = BrandI;
			sourceTree = "<group>";
		};
		B897CFBC2CA92E61002CC428 /* BrandITests */ = {
			isa = PBXFileSystemSynchronizedRootGroup;
			path = BrandITests;
			sourceTree = "<group>";
		};
		B897CFC62CA92E61002CC428 /* BrandIUITests */ = {
			isa = PBXFileSystemSynchronizedRootGroup;
			path = BrandIUITests;
			sourceTree = "<group>";
		};
/* End PBXFileSystemSynchronizedRootGroup section */

/* Begin PBXFrameworksBuildPhase section */
		B897CFA62CA92E60002CC428 /* Frameworks */ = {
			isa = PBXFrameworksBuildPhase;
			buildActionMask = 2147483647;
			files = (
				B8CBA3272CAE7BF300288719 /* GoogleSignInSwift in Frameworks */,
				B897CFE62CA93D62002CC428 /* FirebaseAppCheck in Frameworks */,
				B8CBA3252CAE7BF300288719 /* GoogleSignIn in Frameworks */,
				B897CFE82CA93D62002CC428 /* FirebaseAuth in Frameworks */,
				B897CFEA2CA93D62002CC428 /* FirebaseDatabase in Frameworks */,
				B8CBA3782CBBAF5500288719 /* Alamofire in Frameworks */,
				B897CFEE2CA93D62002CC428 /* FirebaseFunctions in Frameworks */,
				B897CFF02CA93D62002CC428 /* FirebaseStorage in Frameworks */,
				B821AD012CD5258900DACA08 /* SDWebImageSwiftUI in Frameworks */,
				B897CFEC2CA93D62002CC428 /* FirebaseFirestore in Frameworks */,
				B897CFE42CA93D62002CC428 /* FirebaseAnalytics in Frameworks */,
			);
			runOnlyForDeploymentPostprocessing = 0;
		};
		B897CFB62CA92E61002CC428 /* Frameworks */ = {
			isa = PBXFrameworksBuildPhase;
			buildActionMask = 2147483647;
			files = (
			);
			runOnlyForDeploymentPostprocessing = 0;
		};
		B897CFC02CA92E61002CC428 /* Frameworks */ = {
			isa = PBXFrameworksBuildPhase;
			buildActionMask = 2147483647;
			files = (
			);
			runOnlyForDeploymentPostprocessing = 0;
		};
/* End PBXFrameworksBuildPhase section */

/* Begin PBXGroup section */
		B897CFA02CA92E60002CC428 = {
			isa = PBXGroup;
			children = (
				B897CFAB2CA92E60002CC428 /* BrandI */,
				B897CFBC2CA92E61002CC428 /* BrandITests */,
				B897CFC62CA92E61002CC428 /* BrandIUITests */,
				B897CFAA2CA92E60002CC428 /* Products */,
			);
			sourceTree = "<group>";
		};
		B897CFAA2CA92E60002CC428 /* Products */ = {
			isa = PBXGroup;
			children = (
				B897CFA92CA92E60002CC428 /* Challange1.app */,
				B897CFB92CA92E61002CC428 /* Challange1Tests.xctest */,
				B897CFC32CA92E61002CC428 /* Challange1UITests.xctest */,
			);
			name = Products;
			sourceTree = "<group>";
		};
/* End PBXGroup section */

/* Begin PBXNativeTarget section */
		B897CFA82CA92E60002CC428 /* Challange1 */ = {
			isa = PBXNativeTarget;
			buildConfigurationList = B897CFCD2CA92E61002CC428 /* Build configuration list for PBXNativeTarget "Challange1" */;
			buildPhases = (
				B897CFA52CA92E60002CC428 /* Sources */,
				B897CFA62CA92E60002CC428 /* Frameworks */,
				B897CFA72CA92E60002CC428 /* Resources */,
			);
			buildRules = (
			);
			dependencies = (
			);
			fileSystemSynchronizedGroups = (
				B897CFAB2CA92E60002CC428 /* BrandI */,
			);
			name = Challange1;
			packageProductDependencies = (
				B897CFE32CA93D62002CC428 /* FirebaseAnalytics */,
				B897CFE52CA93D62002CC428 /* FirebaseAppCheck */,
				B897CFE72CA93D62002CC428 /* FirebaseAuth */,
				B897CFE92CA93D62002CC428 /* FirebaseDatabase */,
				B897CFEB2CA93D62002CC428 /* FirebaseFirestore */,
				B897CFED2CA93D62002CC428 /* FirebaseFunctions */,
				B897CFEF2CA93D62002CC428 /* FirebaseStorage */,
				B8CBA3242CAE7BF300288719 /* GoogleSignIn */,
				B8CBA3262CAE7BF300288719 /* GoogleSignInSwift */,
				B8CBA3772CBBAF5500288719 /* Alamofire */,
				B821AD002CD5258900DACA08 /* SDWebImageSwiftUI */,
			);
			productName = Challange1;
			productReference = B897CFA92CA92E60002CC428 /* Challange1.app */;
			productType = "com.apple.product-type.application";
		};
		B897CFB82CA92E61002CC428 /* Challange1Tests */ = {
			isa = PBXNativeTarget;
			buildConfigurationList = B897CFD02CA92E61002CC428 /* Build configuration list for PBXNativeTarget "Challange1Tests" */;
			buildPhases = (
				B897CFB52CA92E61002CC428 /* Sources */,
				B897CFB62CA92E61002CC428 /* Frameworks */,
				B897CFB72CA92E61002CC428 /* Resources */,
			);
			buildRules = (
			);
			dependencies = (
				B897CFBB2CA92E61002CC428 /* PBXTargetDependency */,
			);
			fileSystemSynchronizedGroups = (
				B897CFBC2CA92E61002CC428 /* BrandITests */,
			);
			name = Challange1Tests;
			packageProductDependencies = (
			);
			productName = Challange1Tests;
			productReference = B897CFB92CA92E61002CC428 /* Challange1Tests.xctest */;
			productType = "com.apple.product-type.bundle.unit-test";
		};
		B897CFC22CA92E61002CC428 /* Challange1UITests */ = {
			isa = PBXNativeTarget;
			buildConfigurationList = B897CFD32CA92E61002CC428 /* Build configuration list for PBXNativeTarget "Challange1UITests" */;
			buildPhases = (
				B897CFBF2CA92E61002CC428 /* Sources */,
				B897CFC02CA92E61002CC428 /* Frameworks */,
				B897CFC12CA92E61002CC428 /* Resources */,
			);
			buildRules = (
			);
			dependencies = (
				B897CFC52CA92E61002CC428 /* PBXTargetDependency */,
			);
			fileSystemSynchronizedGroups = (
				B897CFC62CA92E61002CC428 /* BrandIUITests */,
			);
			name = Challange1UITests;
			packageProductDependencies = (
			);
			productName = Challange1UITests;
			productReference = B897CFC32CA92E61002CC428 /* Challange1UITests.xctest */;
			productType = "com.apple.product-type.bundle.ui-testing";
		};
/* End PBXNativeTarget section */

/* Begin PBXProject section */
		B897CFA12CA92E60002CC428 /* Project object */ = {
			isa = PBXProject;
			attributes = {
				BuildIndependentTargetsInParallel = 1;
				LastSwiftUpdateCheck = 1600;
				LastUpgradeCheck = 1600;
				TargetAttributes = {
					B897CFA82CA92E60002CC428 = {
						CreatedOnToolsVersion = 16.0;
					};
					B897CFB82CA92E61002CC428 = {
						CreatedOnToolsVersion = 16.0;
						TestTargetID = B897CFA82CA92E60002CC428;
					};
					B897CFC22CA92E61002CC428 = {
						CreatedOnToolsVersion = 16.0;
						TestTargetID = B897CFA82CA92E60002CC428;
					};
				};
			};
			buildConfigurationList = B897CFA42CA92E60002CC428 /* Build configuration list for PBXProject "BrandI" */;
			developmentRegion = en;
			hasScannedForEncodings = 0;
			knownRegions = (
				en,
				Base,
			);
			mainGroup = B897CFA02CA92E60002CC428;
			minimizedProjectReferenceProxies = 1;
			packageReferences = (
				B897CFE22CA93D62002CC428 /* XCRemoteSwiftPackageReference "firebase-ios-sdk" */,
				B8CBA3232CAE7BF300288719 /* XCRemoteSwiftPackageReference "GoogleSignIn-iOS" */,
				B8CBA3762CBBAF5500288719 /* XCRemoteSwiftPackageReference "Alamofire" */,
				B821ACFF2CD5258900DACA08 /* XCRemoteSwiftPackageReference "SDWebImageSwiftUI" */,
			);
			preferredProjectObjectVersion = 77;
			productRefGroup = B897CFAA2CA92E60002CC428 /* Products */;
			projectDirPath = "";
			projectRoot = "";
			targets = (
				B897CFA82CA92E60002CC428 /* Challange1 */,
				B897CFB82CA92E61002CC428 /* Challange1Tests */,
				B897CFC22CA92E61002CC428 /* Challange1UITests */,
			);
		};
/* End PBXProject section */

/* Begin PBXResourcesBuildPhase section */
		B897CFA72CA92E60002CC428 /* Resources */ = {
			isa = PBXResourcesBuildPhase;
			buildActionMask = 2147483647;
			files = (
			);
			runOnlyForDeploymentPostprocessing = 0;
		};
		B897CFB72CA92E61002CC428 /* Resources */ = {
			isa = PBXResourcesBuildPhase;
			buildActionMask = 2147483647;
			files = (
			);
			runOnlyForDeploymentPostprocessing = 0;
		};
		B897CFC12CA92E61002CC428 /* Resources */ = {
			isa = PBXResourcesBuildPhase;
			buildActionMask = 2147483647;
			files = (
			);
			runOnlyForDeploymentPostprocessing = 0;
		};
/* End PBXResourcesBuildPhase section */

/* Begin PBXSourcesBuildPhase section */
		B897CFA52CA92E60002CC428 /* Sources */ = {
			isa = PBXSourcesBuildPhase;
			buildActionMask = 2147483647;
			files = (
			);
			runOnlyForDeploymentPostprocessing = 0;
		};
		B897CFB52CA92E61002CC428 /* Sources */ = {
			isa = PBXSourcesBuildPhase;
			buildActionMask = 2147483647;
			files = (
			);
			runOnlyForDeploymentPostprocessing = 0;
		};
		B897CFBF2CA92E61002CC428 /* Sources */ = {
			isa = PBXSourcesBuildPhase;
			buildActionMask = 2147483647;
			files = (
			);
			runOnlyForDeploymentPostprocessing = 0;
		};
/* End PBXSourcesBuildPhase section */

/* Begin PBXTargetDependency section */
		B897CFBB2CA92E61002CC428 /* PBXTargetDependency */ = {
			isa = PBXTargetDependency;
			target = B897CFA82CA92E60002CC428 /* Challange1 */;
			targetProxy = B897CFBA2CA92E61002CC428 /* PBXContainerItemProxy */;
		};
		B897CFC52CA92E61002CC428 /* PBXTargetDependency */ = {
			isa = PBXTargetDependency;
			target = B897CFA82CA92E60002CC428 /* Challange1 */;
			targetProxy = B897CFC42CA92E61002CC428 /* PBXContainerItemProxy */;
		};
/* End PBXTargetDependency section */

/* Begin XCBuildConfiguration section */
		B897CFCB2CA92E61002CC428 /* Debug */ = {
			isa = XCBuildConfiguration;
			buildSettings = {
				ALWAYS_SEARCH_USER_PATHS = NO;
				ASSETCATALOG_COMPILER_GENERATE_SWIFT_ASSET_SYMBOL_EXTENSIONS = YES;
				CLANG_ANALYZER_NONNULL = YES;
				CLANG_ANALYZER_NUMBER_OBJECT_CONVERSION = YES_AGGRESSIVE;
				CLANG_CXX_LANGUAGE_STANDARD = "gnu++20";
				CLANG_ENABLE_MODULES = YES;
				CLANG_ENABLE_OBJC_ARC = YES;
				CLANG_ENABLE_OBJC_WEAK = YES;
				CLANG_WARN_BLOCK_CAPTURE_AUTORELEASING = YES;
				CLANG_WARN_BOOL_CONVERSION = YES;
				CLANG_WARN_COMMA = YES;
				CLANG_WARN_CONSTANT_CONVERSION = YES;
				CLANG_WARN_DEPRECATED_OBJC_IMPLEMENTATIONS = YES;
				CLANG_WARN_DIRECT_OBJC_ISA_USAGE = YES_ERROR;
				CLANG_WARN_DOCUMENTATION_COMMENTS = YES;
				CLANG_WARN_EMPTY_BODY = YES;
				CLANG_WARN_ENUM_CONVERSION = YES;
				CLANG_WARN_INFINITE_RECURSION = YES;
				CLANG_WARN_INT_CONVERSION = YES;
				CLANG_WARN_NON_LITERAL_NULL_CONVERSION = YES;
				CLANG_WARN_OBJC_IMPLICIT_RETAIN_SELF = YES;
				CLANG_WARN_OBJC_LITERAL_CONVERSION = YES;
				CLANG_WARN_OBJC_ROOT_CLASS = YES_ERROR;
				CLANG_WARN_QUOTED_INCLUDE_IN_FRAMEWORK_HEADER = YES;
				CLANG_WARN_RANGE_LOOP_ANALYSIS = YES;
				CLANG_WARN_STRICT_PROTOTYPES = YES;
				CLANG_WARN_SUSPICIOUS_MOVE = YES;
				CLANG_WARN_UNGUARDED_AVAILABILITY = YES_AGGRESSIVE;
				CLANG_WARN_UNREACHABLE_CODE = YES;
				CLANG_WARN__DUPLICATE_METHOD_MATCH = YES;
				COPY_PHASE_STRIP = NO;
				DEBUG_INFORMATION_FORMAT = dwarf;
				ENABLE_STRICT_OBJC_MSGSEND = YES;
				ENABLE_TESTABILITY = YES;
				ENABLE_USER_SCRIPT_SANDBOXING = YES;
				GCC_C_LANGUAGE_STANDARD = gnu17;
				GCC_DYNAMIC_NO_PIC = NO;
				GCC_NO_COMMON_BLOCKS = YES;
				GCC_OPTIMIZATION_LEVEL = 0;
				GCC_PREPROCESSOR_DEFINITIONS = (
					"DEBUG=1",
					"$(inherited)",
				);
				GCC_WARN_64_TO_32_BIT_CONVERSION = YES;
				GCC_WARN_ABOUT_RETURN_TYPE = YES_ERROR;
				GCC_WARN_UNDECLARED_SELECTOR = YES;
				GCC_WARN_UNINITIALIZED_AUTOS = YES_AGGRESSIVE;
				GCC_WARN_UNUSED_FUNCTION = YES;
				GCC_WARN_UNUSED_VARIABLE = YES;
				IPHONEOS_DEPLOYMENT_TARGET = 18.0;
				LOCALIZATION_PREFERS_STRING_CATALOGS = YES;
				MTL_ENABLE_DEBUG_INFO = INCLUDE_SOURCE;
				MTL_FAST_MATH = YES;
				ONLY_ACTIVE_ARCH = YES;
				SDKROOT = iphoneos;
				SWIFT_ACTIVE_COMPILATION_CONDITIONS = "DEBUG $(inherited)";
				SWIFT_OPTIMIZATION_LEVEL = "-Onone";
			};
			name = Debug;
		};
		B897CFCC2CA92E61002CC428 /* Release */ = {
			isa = XCBuildConfiguration;
			buildSettings = {
				ALWAYS_SEARCH_USER_PATHS = NO;
				ASSETCATALOG_COMPILER_GENERATE_SWIFT_ASSET_SYMBOL_EXTENSIONS = YES;
				CLANG_ANALYZER_NONNULL = YES;
				CLANG_ANALYZER_NUMBER_OBJECT_CONVERSION = YES_AGGRESSIVE;
				CLANG_CXX_LANGUAGE_STANDARD = "gnu++20";
				CLANG_ENABLE_MODULES = YES;
				CLANG_ENABLE_OBJC_ARC = YES;
				CLANG_ENABLE_OBJC_WEAK = YES;
				CLANG_WARN_BLOCK_CAPTURE_AUTORELEASING = YES;
				CLANG_WARN_BOOL_CONVERSION = YES;
				CLANG_WARN_COMMA = YES;
				CLANG_WARN_CONSTANT_CONVERSION = YES;
				CLANG_WARN_DEPRECATED_OBJC_IMPLEMENTATIONS = YES;
				CLANG_WARN_DIRECT_OBJC_ISA_USAGE = YES_ERROR;
				CLANG_WARN_DOCUMENTATION_COMMENTS = YES;
				CLANG_WARN_EMPTY_BODY = YES;
				CLANG_WARN_ENUM_CONVERSION = YES;
				CLANG_WARN_INFINITE_RECURSION = YES;
				CLANG_WARN_INT_CONVERSION = YES;
				CLANG_WARN_NON_LITERAL_NULL_CONVERSION = YES;
				CLANG_WARN_OBJC_IMPLICIT_RETAIN_SELF = YES;
				CLANG_WARN_OBJC_LITERAL_CONVERSION = YES;
				CLANG_WARN_OBJC_ROOT_CLASS = YES_ERROR;
				CLANG_WARN_QUOTED_INCLUDE_IN_FRAMEWORK_HEADER = YES;
				CLANG_WARN_RANGE_LOOP_ANALYSIS = YES;
				CLANG_WARN_STRICT_PROTOTYPES = YES;
				CLANG_WARN_SUSPICIOUS_MOVE = YES;
				CLANG_WARN_UNGUARDED_AVAILABILITY = YES_AGGRESSIVE;
				CLANG_WARN_UNREACHABLE_CODE = YES;
				CLANG_WARN__DUPLICATE_METHOD_MATCH = YES;
				COPY_PHASE_STRIP = NO;
				DEBUG_INFORMATION_FORMAT = "dwarf-with-dsym";
				ENABLE_NS_ASSERTIONS = NO;
				ENABLE_STRICT_OBJC_MSGSEND = YES;
				ENABLE_USER_SCRIPT_SANDBOXING = YES;
				GCC_C_LANGUAGE_STANDARD = gnu17;
				GCC_NO_COMMON_BLOCKS = YES;
				GCC_WARN_64_TO_32_BIT_CONVERSION = YES;
				GCC_WARN_ABOUT_RETURN_TYPE = YES_ERROR;
				GCC_WARN_UNDECLARED_SELECTOR = YES;
				GCC_WARN_UNINITIALIZED_AUTOS = YES_AGGRESSIVE;
				GCC_WARN_UNUSED_FUNCTION = YES;
				GCC_WARN_UNUSED_VARIABLE = YES;
				IPHONEOS_DEPLOYMENT_TARGET = 18.0;
				LOCALIZATION_PREFERS_STRING_CATALOGS = YES;
				MTL_ENABLE_DEBUG_INFO = NO;
				MTL_FAST_MATH = YES;
				SDKROOT = iphoneos;
				SWIFT_COMPILATION_MODE = wholemodule;
				VALIDATE_PRODUCT = YES;
			};
			name = Release;
		};
		B897CFCE2CA92E61002CC428 /* Debug */ = {
			isa = XCBuildConfiguration;
			buildSettings = {
				ASSETCATALOG_COMPILER_APPICON_NAME = AppIcon;
				ASSETCATALOG_COMPILER_GLOBAL_ACCENT_COLOR_NAME = AccentColor;
				CODE_SIGN_ENTITLEMENTS = BrandI/BrandI.entitlements;
				CODE_SIGN_STYLE = Automatic;
				CURRENT_PROJECT_VERSION = 3;
				DEVELOPMENT_ASSET_PATHS = "\"BrandI/Preview Content\"";
				DEVELOPMENT_TEAM = N5C4229YSA;
				ENABLE_PREVIEWS = YES;
				GENERATE_INFOPLIST_FILE = YES;
				INFOPLIST_FILE = BrandI/Info.plist;
				INFOPLIST_KEY_CFBundleDisplayName = BrandI;
				INFOPLIST_KEY_LSApplicationCategoryType = "public.app-category.productivity";
				INFOPLIST_KEY_NSPhotoLibraryUsageDescription = "This app requires access to your photo library to select images.";
				INFOPLIST_KEY_UIApplicationSceneManifest_Generation = YES;
				INFOPLIST_KEY_UIApplicationSupportsIndirectInputEvents = YES;
				INFOPLIST_KEY_UILaunchScreen_Generation = YES;
				INFOPLIST_KEY_UISupportedInterfaceOrientations = UIInterfaceOrientationPortrait;
				INFOPLIST_KEY_UISupportedInterfaceOrientations_iPad = "UIInterfaceOrientationLandscapeLeft UIInterfaceOrientationLandscapeRight UIInterfaceOrientationPortrait UIInterfaceOrientationPortraitUpsideDown";
				IPHONEOS_DEPLOYMENT_TARGET = 17.6;
				LD_RUNPATH_SEARCH_PATHS = (
					"$(inherited)",
					"@executable_path/Frameworks",
				);
				MARKETING_VERSION = 1.0;
				PRODUCT_BUNDLE_IDENTIFIER = com.Gehad.Challange1;
				PRODUCT_NAME = "$(TARGET_NAME)";
				SUPPORTED_PLATFORMS = "iphoneos iphonesimulator";
				SUPPORTS_MACCATALYST = NO;
				SUPPORTS_MAC_DESIGNED_FOR_IPHONE_IPAD = NO;
				SUPPORTS_XR_DESIGNED_FOR_IPHONE_IPAD = NO;
				SWIFT_EMIT_LOC_STRINGS = YES;
				SWIFT_VERSION = 5.0;
				TARGETED_DEVICE_FAMILY = 1;
			};
			name = Debug;
		};
		B897CFCF2CA92E61002CC428 /* Release */ = {
			isa = XCBuildConfiguration;
			buildSettings = {
				ASSETCATALOG_COMPILER_APPICON_NAME = AppIcon;
				ASSETCATALOG_COMPILER_GLOBAL_ACCENT_COLOR_NAME = AccentColor;
				CODE_SIGN_ENTITLEMENTS = BrandI/BrandI.entitlements;
				CODE_SIGN_STYLE = Automatic;
				CURRENT_PROJECT_VERSION = 3;
				DEVELOPMENT_ASSET_PATHS = "\"BrandI/Preview Content\"";
				DEVELOPMENT_TEAM = N5C4229YSA;
				ENABLE_PREVIEWS = YES;
				GENERATE_INFOPLIST_FILE = YES;
				INFOPLIST_FILE = BrandI/Info.plist;
				INFOPLIST_KEY_CFBundleDisplayName = BrandI;
				INFOPLIST_KEY_LSApplicationCategoryType = "public.app-category.productivity";
				INFOPLIST_KEY_NSPhotoLibraryUsageDescription = "This app requires access to your photo library to select images.";
				INFOPLIST_KEY_UIApplicationSceneManifest_Generation = YES;
				INFOPLIST_KEY_UIApplicationSupportsIndirectInputEvents = YES;
				INFOPLIST_KEY_UILaunchScreen_Generation = YES;
				INFOPLIST_KEY_UISupportedInterfaceOrientations = UIInterfaceOrientationPortrait;
				INFOPLIST_KEY_UISupportedInterfaceOrientations_iPad = "UIInterfaceOrientationLandscapeLeft UIInterfaceOrientationLandscapeRight UIInterfaceOrientationPortrait UIInterfaceOrientationPortraitUpsideDown";
				IPHONEOS_DEPLOYMENT_TARGET = 17.6;
				LD_RUNPATH_SEARCH_PATHS = (
					"$(inherited)",
					"@executable_path/Frameworks",
				);
				MARKETING_VERSION = 1.0;
				PRODUCT_BUNDLE_IDENTIFIER = com.Gehad.Challange1;
				PRODUCT_NAME = "$(TARGET_NAME)";
				SUPPORTED_PLATFORMS = "iphoneos iphonesimulator";
				SUPPORTS_MACCATALYST = NO;
				SUPPORTS_MAC_DESIGNED_FOR_IPHONE_IPAD = NO;
				SUPPORTS_XR_DESIGNED_FOR_IPHONE_IPAD = NO;
				SWIFT_EMIT_LOC_STRINGS = YES;
				SWIFT_VERSION = 5.0;
				TARGETED_DEVICE_FAMILY = 1;
			};
			name = Release;
		};
		B897CFD12CA92E61002CC428 /* Debug */ = {
			isa = XCBuildConfiguration;
			buildSettings = {
				BUNDLE_LOADER = "$(TEST_HOST)";
				CODE_SIGN_STYLE = Automatic;
				CURRENT_PROJECT_VERSION = 1;
				DEVELOPMENT_TEAM = 76MFBX7JL9;
				GENERATE_INFOPLIST_FILE = YES;
				IPHONEOS_DEPLOYMENT_TARGET = 18.0;
				MARKETING_VERSION = 1.0;
				PRODUCT_BUNDLE_IDENTIFIER = Gehad.Challange1Tests;
				PRODUCT_NAME = "$(TARGET_NAME)";
				SWIFT_EMIT_LOC_STRINGS = NO;
				SWIFT_VERSION = 5.0;
				TARGETED_DEVICE_FAMILY = "1,2";
				TEST_HOST = "$(BUILT_PRODUCTS_DIR)/Challange1.app/$(BUNDLE_EXECUTABLE_FOLDER_PATH)/Challange1";
			};
			name = Debug;
		};
		B897CFD22CA92E61002CC428 /* Release */ = {
			isa = XCBuildConfiguration;
			buildSettings = {
				BUNDLE_LOADER = "$(TEST_HOST)";
				CODE_SIGN_STYLE = Automatic;
				CURRENT_PROJECT_VERSION = 1;
				DEVELOPMENT_TEAM = 76MFBX7JL9;
				GENERATE_INFOPLIST_FILE = YES;
				IPHONEOS_DEPLOYMENT_TARGET = 18.0;
				MARKETING_VERSION = 1.0;
				PRODUCT_BUNDLE_IDENTIFIER = Gehad.Challange1Tests;
				PRODUCT_NAME = "$(TARGET_NAME)";
				SWIFT_EMIT_LOC_STRINGS = NO;
				SWIFT_VERSION = 5.0;
				TARGETED_DEVICE_FAMILY = "1,2";
				TEST_HOST = "$(BUILT_PRODUCTS_DIR)/Challange1.app/$(BUNDLE_EXECUTABLE_FOLDER_PATH)/Challange1";
			};
			name = Release;
		};
		B897CFD42CA92E61002CC428 /* Debug */ = {
			isa = XCBuildConfiguration;
			buildSettings = {
				CODE_SIGN_STYLE = Automatic;
				CURRENT_PROJECT_VERSION = 1;
				DEVELOPMENT_TEAM = 76MFBX7JL9;
				GENERATE_INFOPLIST_FILE = YES;
				MARKETING_VERSION = 1.0;
				PRODUCT_BUNDLE_IDENTIFIER = Gehad.Challange1UITests;
				PRODUCT_NAME = "$(TARGET_NAME)";
				SWIFT_EMIT_LOC_STRINGS = NO;
				SWIFT_VERSION = 5.0;
				TARGETED_DEVICE_FAMILY = "1,2";
				TEST_TARGET_NAME = Challange1;
			};
			name = Debug;
		};
		B897CFD52CA92E61002CC428 /* Release */ = {
			isa = XCBuildConfiguration;
			buildSettings = {
				CODE_SIGN_STYLE = Automatic;
				CURRENT_PROJECT_VERSION = 1;
				DEVELOPMENT_TEAM = 76MFBX7JL9;
				GENERATE_INFOPLIST_FILE = YES;
				MARKETING_VERSION = 1.0;
				PRODUCT_BUNDLE_IDENTIFIER = Gehad.Challange1UITests;
				PRODUCT_NAME = "$(TARGET_NAME)";
				SWIFT_EMIT_LOC_STRINGS = NO;
				SWIFT_VERSION = 5.0;
				TARGETED_DEVICE_FAMILY = "1,2";
				TEST_TARGET_NAME = Challange1;
			};
			name = Release;
		};
/* End XCBuildConfiguration section */

/* Begin XCConfigurationList section */
		B897CFA42CA92E60002CC428 /* Build configuration list for PBXProject "BrandI" */ = {
			isa = XCConfigurationList;
			buildConfigurations = (
				B897CFCB2CA92E61002CC428 /* Debug */,
				B897CFCC2CA92E61002CC428 /* Release */,
			);
			defaultConfigurationIsVisible = 0;
			defaultConfigurationName = Release;
		};
		B897CFCD2CA92E61002CC428 /* Build configuration list for PBXNativeTarget "Challange1" */ = {
			isa = XCConfigurationList;
			buildConfigurations = (
				B897CFCE2CA92E61002CC428 /* Debug */,
				B897CFCF2CA92E61002CC428 /* Release */,
			);
			defaultConfigurationIsVisible = 0;
			defaultConfigurationName = Release;
		};
		B897CFD02CA92E61002CC428 /* Build configuration list for PBXNativeTarget "Challange1Tests" */ = {
			isa = XCConfigurationList;
			buildConfigurations = (
				B897CFD12CA92E61002CC428 /* Debug */,
				B897CFD22CA92E61002CC428 /* Release */,
			);
			defaultConfigurationIsVisible = 0;
			defaultConfigurationName = Release;
		};
		B897CFD32CA92E61002CC428 /* Build configuration list for PBXNativeTarget "Challange1UITests" */ = {
			isa = XCConfigurationList;
			buildConfigurations = (
				B897CFD42CA92E61002CC428 /* Debug */,
				B897CFD52CA92E61002CC428 /* Release */,
			);
			defaultConfigurationIsVisible = 0;
			defaultConfigurationName = Release;
		};
/* End XCConfigurationList section */

/* Begin XCRemoteSwiftPackageReference section */
		B821ACFF2CD5258900DACA08 /* XCRemoteSwiftPackageReference "SDWebImageSwiftUI" */ = {
			isa = XCRemoteSwiftPackageReference;
			repositoryURL = "https://github.com/SDWebImage/SDWebImageSwiftUI";
			requirement = {
				kind = upToNextMajorVersion;
				minimumVersion = 3.1.2;
			};
		};
		B897CFE22CA93D62002CC428 /* XCRemoteSwiftPackageReference "firebase-ios-sdk" */ = {
			isa = XCRemoteSwiftPackageReference;
			repositoryURL = "https://github.com/firebase/firebase-ios-sdk";
			requirement = {
				kind = upToNextMajorVersion;
				minimumVersion = 11.2.0;
			};
		};
		B8CBA3232CAE7BF300288719 /* XCRemoteSwiftPackageReference "GoogleSignIn-iOS" */ = {
			isa = XCRemoteSwiftPackageReference;
			repositoryURL = "https://github.com/google/GoogleSignIn-iOS";
			requirement = {
				kind = upToNextMajorVersion;
				minimumVersion = 8.0.0;
			};
		};
		B8CBA3762CBBAF5500288719 /* XCRemoteSwiftPackageReference "Alamofire" */ = {
			isa = XCRemoteSwiftPackageReference;
			repositoryURL = "https://github.com/Alamofire/Alamofire.git";
			requirement = {
				kind = upToNextMajorVersion;
				minimumVersion = 5.9.1;
			};
		};
/* End XCRemoteSwiftPackageReference section */

/* Begin XCSwiftPackageProductDependency section */
		B821AD002CD5258900DACA08 /* SDWebImageSwiftUI */ = {
			isa = XCSwiftPackageProductDependency;
			package = B821ACFF2CD5258900DACA08 /* XCRemoteSwiftPackageReference "SDWebImageSwiftUI" */;
			productName = SDWebImageSwiftUI;
		};
		B897CFE32CA93D62002CC428 /* FirebaseAnalytics */ = {
			isa = XCSwiftPackageProductDependency;
			package = B897CFE22CA93D62002CC428 /* XCRemoteSwiftPackageReference "firebase-ios-sdk" */;
			productName = FirebaseAnalytics;
		};
		B897CFE52CA93D62002CC428 /* FirebaseAppCheck */ = {
			isa = XCSwiftPackageProductDependency;
			package = B897CFE22CA93D62002CC428 /* XCRemoteSwiftPackageReference "firebase-ios-sdk" */;
			productName = FirebaseAppCheck;
		};
		B897CFE72CA93D62002CC428 /* FirebaseAuth */ = {
			isa = XCSwiftPackageProductDependency;
			package = B897CFE22CA93D62002CC428 /* XCRemoteSwiftPackageReference "firebase-ios-sdk" */;
			productName = FirebaseAuth;
		};
		B897CFE92CA93D62002CC428 /* FirebaseDatabase */ = {
			isa = XCSwiftPackageProductDependency;
			package = B897CFE22CA93D62002CC428 /* XCRemoteSwiftPackageReference "firebase-ios-sdk" */;
			productName = FirebaseDatabase;
		};
		B897CFEB2CA93D62002CC428 /* FirebaseFirestore */ = {
			isa = XCSwiftPackageProductDependency;
			package = B897CFE22CA93D62002CC428 /* XCRemoteSwiftPackageReference "firebase-ios-sdk" */;
			productName = FirebaseFirestore;
		};
		B897CFED2CA93D62002CC428 /* FirebaseFunctions */ = {
			isa = XCSwiftPackageProductDependency;
			package = B897CFE22CA93D62002CC428 /* XCRemoteSwiftPackageReference "firebase-ios-sdk" */;
			productName = FirebaseFunctions;
		};
		B897CFEF2CA93D62002CC428 /* FirebaseStorage */ = {
			isa = XCSwiftPackageProductDependency;
			package = B897CFE22CA93D62002CC428 /* XCRemoteSwiftPackageReference "firebase-ios-sdk" */;
			productName = FirebaseStorage;
		};
		B8CBA3242CAE7BF300288719 /* GoogleSignIn */ = {
			isa = XCSwiftPackageProductDependency;
			package = B8CBA3232CAE7BF300288719 /* XCRemoteSwiftPackageReference "GoogleSignIn-iOS" */;
			productName = GoogleSignIn;
		};
		B8CBA3262CAE7BF300288719 /* GoogleSignInSwift */ = {
			isa = XCSwiftPackageProductDependency;
			package = B8CBA3232CAE7BF300288719 /* XCRemoteSwiftPackageReference "GoogleSignIn-iOS" */;
			productName = GoogleSignInSwift;
		};
		B8CBA3772CBBAF5500288719 /* Alamofire */ = {
			isa = XCSwiftPackageProductDependency;
			package = B8CBA3762CBBAF5500288719 /* XCRemoteSwiftPackageReference "Alamofire" */;
			productName = Alamofire;
		};
/* End XCSwiftPackageProductDependency section */
	};
	rootObject = B897CFA12CA92E60002CC428 /* Project object */;
}
